// !$*UTF8*$!
{
	archiveVersion = 1;
	classes = {
	};
	objectVersion = 56;
	objects = {

/* Begin PBXBuildFile section */
		4729FBB12A4AAB470057118D /* MemoryModel.swift in Sources */ = {isa = PBXBuildFile; fileRef = 4729FBB02A4AAB470057118D /* MemoryModel.swift */; };
		4729FBB32A4AD56E0057118D /* Conditions.swift in Sources */ = {isa = PBXBuildFile; fileRef = 4729FBB22A4AD56E0057118D /* Conditions.swift */; };
		4729FBB52A4AD6340057118D /* CustomWaypoint.swift in Sources */ = {isa = PBXBuildFile; fileRef = 4729FBB42A4AD6340057118D /* CustomWaypoint.swift */; };
		472DA9522A3EDD3F008E16F2 /* WeatherMarker.swift in Sources */ = {isa = PBXBuildFile; fileRef = 472DA9512A3EDD3F008E16F2 /* WeatherMarker.swift */; };
		473E9C352A3EEB7A00247F74 /* Design.swift in Sources */ = {isa = PBXBuildFile; fileRef = 473E9C342A3EEB7A00247F74 /* Design.swift */; };
		473E9C3A2A3F0DF500247F74 /* ProtocolExtensions.swift in Sources */ = {isa = PBXBuildFile; fileRef = 473E9C392A3F0DF500247F74 /* ProtocolExtensions.swift */; };
		473E9C3C2A3F0E0100247F74 /* SampleData.swift in Sources */ = {isa = PBXBuildFile; fileRef = 473E9C3B2A3F0E0100247F74 /* SampleData.swift */; };
		473E9C3F2A3F191500247F74 /* WeatherDetailView.swift in Sources */ = {isa = PBXBuildFile; fileRef = 473E9C3E2A3F191500247F74 /* WeatherDetailView.swift */; };
		4745334C2A1AC01100AA32D7 /* Extensions.swift in Sources */ = {isa = PBXBuildFile; fileRef = 4745334B2A1AC01100AA32D7 /* Extensions.swift */; };
		47555E552A33775F0051568A /* Constants.swift in Sources */ = {isa = PBXBuildFile; fileRef = 47555E542A33775F0051568A /* Constants.swift */; };
		47555E5D2A35BC400051568A /* RouteCalculationService.swift in Sources */ = {isa = PBXBuildFile; fileRef = 47555E5C2A35BC400051568A /* RouteCalculationService.swift */; };
		47555E5F2A35BC610051568A /* PersistentModel.swift in Sources */ = {isa = PBXBuildFile; fileRef = 47555E5E2A35BC610051568A /* PersistentModel.swift */; };
		47555E612A35C0A50051568A /* RouteWeatherService.swift in Sources */ = {isa = PBXBuildFile; fileRef = 47555E602A35C0A50051568A /* RouteWeatherService.swift */; };
		47641DC62A45C9F700318992 /* StormGlass in Frameworks */ = {isa = PBXBuildFile; productRef = 47641DC52A45C9F700318992 /* StormGlass */; };
		47641DC82A45CA6B00318992 /* StormGlassService.swift in Sources */ = {isa = PBXBuildFile; fileRef = 47641DC72A45CA6B00318992 /* StormGlassService.swift */; };
		47641DCA2A460A5900318992 /* RouteError.swift in Sources */ = {isa = PBXBuildFile; fileRef = 47641DC92A460A5900318992 /* RouteError.swift */; };
		47641DCC2A46D3CE00318992 /* Protocols.swift in Sources */ = {isa = PBXBuildFile; fileRef = 47641DCB2A46D3CE00318992 /* Protocols.swift */; };
		47641DCF2A46D48200318992 /* WeatherWaypoint.swift in Sources */ = {isa = PBXBuildFile; fileRef = 47641DCE2A46D48200318992 /* WeatherWaypoint.swift */; };
		47641DD12A46D4C400318992 /* Waypoint.swift in Sources */ = {isa = PBXBuildFile; fileRef = 47641DD02A46D4C400318992 /* Waypoint.swift */; };
		47641DD32A46D58900318992 /* Weather.swift in Sources */ = {isa = PBXBuildFile; fileRef = 47641DD22A46D58900318992 /* Weather.swift */; };
		47641DD52A46D5E600318992 /* Wind.swift in Sources */ = {isa = PBXBuildFile; fileRef = 47641DD42A46D5E600318992 /* Wind.swift */; };
		47641DD72A46D61000318992 /* Wave.swift in Sources */ = {isa = PBXBuildFile; fileRef = 47641DD62A46D61000318992 /* Wave.swift */; };
		47641DD92A46D63A00318992 /* Current.swift in Sources */ = {isa = PBXBuildFile; fileRef = 47641DD82A46D63A00318992 /* Current.swift */; };
		47641DDE2A46D7C500318992 /* Solar.swift in Sources */ = {isa = PBXBuildFile; fileRef = 47641DDD2A46D7C500318992 /* Solar.swift */; };
		47641DE02A46D95000318992 /* Enums.swift in Sources */ = {isa = PBXBuildFile; fileRef = 47641DDF2A46D95000318992 /* Enums.swift */; };
		47641DE22A46D9CE00318992 /* Vehicle.swift in Sources */ = {isa = PBXBuildFile; fileRef = 47641DE12A46D9CE00318992 /* Vehicle.swift */; };
		47641DE42A46EA6600318992 /* WeatherKit.swift in Sources */ = {isa = PBXBuildFile; fileRef = 47641DE32A46EA6600318992 /* WeatherKit.swift */; };
		47641DE72A46F2C700318992 /* StormGlass.swift in Sources */ = {isa = PBXBuildFile; fileRef = 47641DE62A46F2C700318992 /* StormGlass.swift */; };
		47641DED2A47594500318992 /* BackgroundPersistenceService.swift in Sources */ = {isa = PBXBuildFile; fileRef = 47641DEC2A47594500318992 /* BackgroundPersistenceService.swift */; };
		476FEF022A44594E00B59573 /* VehicleForm.swift in Sources */ = {isa = PBXBuildFile; fileRef = 476FEF012A44594E00B59573 /* VehicleForm.swift */; };
		476FEF042A446B0600B59573 /* VehicleType.swift in Sources */ = {isa = PBXBuildFile; fileRef = 476FEF032A446B0600B59573 /* VehicleType.swift */; };
		4779B9FD2A40DF7C0049B9AF /* WeatherParameter.swift in Sources */ = {isa = PBXBuildFile; fileRef = 4779B9FC2A40DF7C0049B9AF /* WeatherParameter.swift */; };
		4799D6912A17C20A0090EBF1 /* App.swift in Sources */ = {isa = PBXBuildFile; fileRef = 4799D6902A17C20A0090EBF1 /* App.swift */; };
		4799D6932A17C20A0090EBF1 /* ContentView.swift in Sources */ = {isa = PBXBuildFile; fileRef = 4799D6922A17C20A0090EBF1 /* ContentView.swift */; };
		4799D6952A17C2120090EBF1 /* Assets.xcassets in Resources */ = {isa = PBXBuildFile; fileRef = 4799D6942A17C2120090EBF1 /* Assets.xcassets */; };
		4799D6992A17C2120090EBF1 /* Preview Assets.xcassets in Resources */ = {isa = PBXBuildFile; fileRef = 4799D6982A17C2120090EBF1 /* Preview Assets.xcassets */; };
		4799D6A22A17C4D90090EBF1 /* LocationManager.swift in Sources */ = {isa = PBXBuildFile; fileRef = 4799D6A12A17C4D90090EBF1 /* LocationManager.swift */; };
		47BB75E52A38EF950086ECFD /* Route_ConditionsTests.swift in Sources */ = {isa = PBXBuildFile; fileRef = 47BB75E42A38EF950086ECFD /* Route_ConditionsTests.swift */; };
		47EE83EA2A3B9F88001B2CC8 /* RouteView.swift in Sources */ = {isa = PBXBuildFile; fileRef = 47EE83E92A3B9F88001B2CC8 /* RouteView.swift */; };
/* End PBXBuildFile section */

/* Begin PBXContainerItemProxy section */
		47BB75E62A38EF950086ECFD /* PBXContainerItemProxy */ = {
			isa = PBXContainerItemProxy;
			containerPortal = 4799D6852A17C20A0090EBF1 /* Project object */;
			proxyType = 1;
			remoteGlobalIDString = 4799D68C2A17C20A0090EBF1;
			remoteInfo = "Route Conditions";
		};
/* End PBXContainerItemProxy section */

/* Begin PBXFileReference section */
		4729FBB02A4AAB470057118D /* MemoryModel.swift */ = {isa = PBXFileReference; lastKnownFileType = sourcecode.swift; path = MemoryModel.swift; sourceTree = "<group>"; };
		4729FBB22A4AD56E0057118D /* Conditions.swift */ = {isa = PBXFileReference; lastKnownFileType = sourcecode.swift; path = Conditions.swift; sourceTree = "<group>"; };
		4729FBB42A4AD6340057118D /* CustomWaypoint.swift */ = {isa = PBXFileReference; lastKnownFileType = sourcecode.swift; path = CustomWaypoint.swift; sourceTree = "<group>"; };
		472DA9512A3EDD3F008E16F2 /* WeatherMarker.swift */ = {isa = PBXFileReference; lastKnownFileType = sourcecode.swift; path = WeatherMarker.swift; sourceTree = "<group>"; };
		473E9C342A3EEB7A00247F74 /* Design.swift */ = {isa = PBXFileReference; fileEncoding = 4; lastKnownFileType = sourcecode.swift; path = Design.swift; sourceTree = "<group>"; };
		473E9C392A3F0DF500247F74 /* ProtocolExtensions.swift */ = {isa = PBXFileReference; lastKnownFileType = sourcecode.swift; path = ProtocolExtensions.swift; sourceTree = "<group>"; };
		473E9C3B2A3F0E0100247F74 /* SampleData.swift */ = {isa = PBXFileReference; lastKnownFileType = sourcecode.swift; path = SampleData.swift; sourceTree = "<group>"; };
		473E9C3E2A3F191500247F74 /* WeatherDetailView.swift */ = {isa = PBXFileReference; lastKnownFileType = sourcecode.swift; path = WeatherDetailView.swift; sourceTree = "<group>"; };
		4745334B2A1AC01100AA32D7 /* Extensions.swift */ = {isa = PBXFileReference; lastKnownFileType = sourcecode.swift; path = Extensions.swift; sourceTree = "<group>"; };
		47555E542A33775F0051568A /* Constants.swift */ = {isa = PBXFileReference; lastKnownFileType = sourcecode.swift; path = Constants.swift; sourceTree = "<group>"; };
		47555E5C2A35BC400051568A /* RouteCalculationService.swift */ = {isa = PBXFileReference; lastKnownFileType = sourcecode.swift; path = RouteCalculationService.swift; sourceTree = "<group>"; };
		47555E5E2A35BC610051568A /* PersistentModel.swift */ = {isa = PBXFileReference; lastKnownFileType = sourcecode.swift; path = PersistentModel.swift; sourceTree = "<group>"; };
		47555E602A35C0A50051568A /* RouteWeatherService.swift */ = {isa = PBXFileReference; lastKnownFileType = sourcecode.swift; path = RouteWeatherService.swift; sourceTree = "<group>"; };
		47641DC72A45CA6B00318992 /* StormGlassService.swift */ = {isa = PBXFileReference; lastKnownFileType = sourcecode.swift; path = StormGlassService.swift; sourceTree = "<group>"; };
		47641DC92A460A5900318992 /* RouteError.swift */ = {isa = PBXFileReference; lastKnownFileType = sourcecode.swift; path = RouteError.swift; sourceTree = "<group>"; };
		47641DCB2A46D3CE00318992 /* Protocols.swift */ = {isa = PBXFileReference; lastKnownFileType = sourcecode.swift; path = Protocols.swift; sourceTree = "<group>"; };
		47641DCE2A46D48200318992 /* WeatherWaypoint.swift */ = {isa = PBXFileReference; lastKnownFileType = sourcecode.swift; path = WeatherWaypoint.swift; sourceTree = "<group>"; };
		47641DD02A46D4C400318992 /* Waypoint.swift */ = {isa = PBXFileReference; lastKnownFileType = sourcecode.swift; path = Waypoint.swift; sourceTree = "<group>"; };
		47641DD22A46D58900318992 /* Weather.swift */ = {isa = PBXFileReference; lastKnownFileType = sourcecode.swift; path = Weather.swift; sourceTree = "<group>"; };
		47641DD42A46D5E600318992 /* Wind.swift */ = {isa = PBXFileReference; lastKnownFileType = sourcecode.swift; path = Wind.swift; sourceTree = "<group>"; };
		47641DD62A46D61000318992 /* Wave.swift */ = {isa = PBXFileReference; lastKnownFileType = sourcecode.swift; path = Wave.swift; sourceTree = "<group>"; };
		47641DD82A46D63A00318992 /* Current.swift */ = {isa = PBXFileReference; lastKnownFileType = sourcecode.swift; path = Current.swift; sourceTree = "<group>"; };
		47641DDD2A46D7C500318992 /* Solar.swift */ = {isa = PBXFileReference; lastKnownFileType = sourcecode.swift; path = Solar.swift; sourceTree = "<group>"; };
		47641DDF2A46D95000318992 /* Enums.swift */ = {isa = PBXFileReference; lastKnownFileType = sourcecode.swift; path = Enums.swift; sourceTree = "<group>"; };
		47641DE12A46D9CE00318992 /* Vehicle.swift */ = {isa = PBXFileReference; lastKnownFileType = sourcecode.swift; path = Vehicle.swift; sourceTree = "<group>"; };
		47641DE32A46EA6600318992 /* WeatherKit.swift */ = {isa = PBXFileReference; lastKnownFileType = sourcecode.swift; path = WeatherKit.swift; sourceTree = "<group>"; };
		47641DE62A46F2C700318992 /* StormGlass.swift */ = {isa = PBXFileReference; lastKnownFileType = sourcecode.swift; path = StormGlass.swift; sourceTree = "<group>"; };
		47641DEC2A47594500318992 /* BackgroundPersistenceService.swift */ = {isa = PBXFileReference; lastKnownFileType = sourcecode.swift; path = BackgroundPersistenceService.swift; sourceTree = "<group>"; };
		476FEF012A44594E00B59573 /* VehicleForm.swift */ = {isa = PBXFileReference; lastKnownFileType = sourcecode.swift; path = VehicleForm.swift; sourceTree = "<group>"; };
		476FEF032A446B0600B59573 /* VehicleType.swift */ = {isa = PBXFileReference; lastKnownFileType = sourcecode.swift; path = VehicleType.swift; sourceTree = "<group>"; };
		4779B9FC2A40DF7C0049B9AF /* WeatherParameter.swift */ = {isa = PBXFileReference; lastKnownFileType = sourcecode.swift; path = WeatherParameter.swift; sourceTree = "<group>"; };
		4799D68D2A17C20A0090EBF1 /* Route Conditions.app */ = {isa = PBXFileReference; explicitFileType = wrapper.application; includeInIndex = 0; path = "Route Conditions.app"; sourceTree = BUILT_PRODUCTS_DIR; };
		4799D6902A17C20A0090EBF1 /* App.swift */ = {isa = PBXFileReference; lastKnownFileType = sourcecode.swift; path = App.swift; sourceTree = "<group>"; };
		4799D6922A17C20A0090EBF1 /* ContentView.swift */ = {isa = PBXFileReference; lastKnownFileType = sourcecode.swift; path = ContentView.swift; sourceTree = "<group>"; };
		4799D6942A17C2120090EBF1 /* Assets.xcassets */ = {isa = PBXFileReference; lastKnownFileType = folder.assetcatalog; path = Assets.xcassets; sourceTree = "<group>"; };
		4799D6962A17C2120090EBF1 /* Route_Conditions.entitlements */ = {isa = PBXFileReference; lastKnownFileType = text.plist.entitlements; path = Route_Conditions.entitlements; sourceTree = "<group>"; };
		4799D6982A17C2120090EBF1 /* Preview Assets.xcassets */ = {isa = PBXFileReference; lastKnownFileType = folder.assetcatalog; path = "Preview Assets.xcassets"; sourceTree = "<group>"; };
		4799D6A12A17C4D90090EBF1 /* LocationManager.swift */ = {isa = PBXFileReference; lastKnownFileType = sourcecode.swift; path = LocationManager.swift; sourceTree = "<group>"; };
		4799D6A32A17C67C0090EBF1 /* Info.plist */ = {isa = PBXFileReference; lastKnownFileType = text.plist.xml; path = Info.plist; sourceTree = SOURCE_ROOT; };
		47BB75E22A38EF950086ECFD /* Route ConditionsTests.xctest */ = {isa = PBXFileReference; explicitFileType = wrapper.cfbundle; includeInIndex = 0; path = "Route ConditionsTests.xctest"; sourceTree = BUILT_PRODUCTS_DIR; };
		47BB75E42A38EF950086ECFD /* Route_ConditionsTests.swift */ = {isa = PBXFileReference; lastKnownFileType = sourcecode.swift; path = Route_ConditionsTests.swift; sourceTree = "<group>"; };
		47EE83E92A3B9F88001B2CC8 /* RouteView.swift */ = {isa = PBXFileReference; lastKnownFileType = sourcecode.swift; path = RouteView.swift; sourceTree = "<group>"; };
/* End PBXFileReference section */

/* Begin PBXFrameworksBuildPhase section */
		4799D68A2A17C20A0090EBF1 /* Frameworks */ = {
			isa = PBXFrameworksBuildPhase;
			buildActionMask = 2147483647;
			files = (
				47641DC62A45C9F700318992 /* StormGlass in Frameworks */,
			);
			runOnlyForDeploymentPostprocessing = 0;
		};
		47BB75DF2A38EF950086ECFD /* Frameworks */ = {
			isa = PBXFrameworksBuildPhase;
			buildActionMask = 2147483647;
			files = (
			);
			runOnlyForDeploymentPostprocessing = 0;
		};
/* End PBXFrameworksBuildPhase section */

/* Begin PBXGroup section */
		4729FBB62A4AD63C0057118D /* Waypoints */ = {
			isa = PBXGroup;
			children = (
				47641DD02A46D4C400318992 /* Waypoint.swift */,
				4729FBB42A4AD6340057118D /* CustomWaypoint.swift */,
				47641DCE2A46D48200318992 /* WeatherWaypoint.swift */,
			);
			path = Waypoints;
			sourceTree = "<group>";
		};
		473E9C362A3F0B8B00247F74 /* Support */ = {
			isa = PBXGroup;
			children = (
				4799D6A12A17C4D90090EBF1 /* LocationManager.swift */,
				473E9C3B2A3F0E0100247F74 /* SampleData.swift */,
				47555E542A33775F0051568A /* Constants.swift */,
				4745334B2A1AC01100AA32D7 /* Extensions.swift */,
				473E9C342A3EEB7A00247F74 /* Design.swift */,
			);
			path = Support;
			sourceTree = "<group>";
		};
		473E9C372A3F0B9D00247F74 /* View */ = {
			isa = PBXGroup;
			children = (
				4799D6922A17C20A0090EBF1 /* ContentView.swift */,
				47EE83E92A3B9F88001B2CC8 /* RouteView.swift */,
				473E9C3E2A3F191500247F74 /* WeatherDetailView.swift */,
				472DA9512A3EDD3F008E16F2 /* WeatherMarker.swift */,
				476FEF012A44594E00B59573 /* VehicleForm.swift */,
			);
			path = View;
			sourceTree = "<group>";
		};
		473E9C382A3F0BAA00247F74 /* Service */ = {
			isa = PBXGroup;
			children = (
				47555E5C2A35BC400051568A /* RouteCalculationService.swift */,
				47555E602A35C0A50051568A /* RouteWeatherService.swift */,
				47641DEC2A47594500318992 /* BackgroundPersistenceService.swift */,
				47641DC72A45CA6B00318992 /* StormGlassService.swift */,
				47641DC92A460A5900318992 /* RouteError.swift */,
				47641DE52A46F2B900318992 /* Conversions */,
			);
			path = Service;
			sourceTree = "<group>";
		};
		473E9C3D2A3F0E0B00247F74 /* Model */ = {
			isa = PBXGroup;
			children = (
				4729FBB02A4AAB470057118D /* MemoryModel.swift */,
				47555E5E2A35BC610051568A /* PersistentModel.swift */,
				47641DDF2A46D95000318992 /* Enums.swift */,
				47641DCB2A46D3CE00318992 /* Protocols.swift */,
				473E9C392A3F0DF500247F74 /* ProtocolExtensions.swift */,
				47641DCD2A46D45400318992 /* Extensions */,
			);
			path = Model;
			sourceTree = "<group>";
		};
		47641DCD2A46D45400318992 /* Extensions */ = {
			isa = PBXGroup;
			children = (
				476FEF032A446B0600B59573 /* VehicleType.swift */,
				47641DE12A46D9CE00318992 /* Vehicle.swift */,
				4729FBB62A4AD63C0057118D /* Waypoints */,
				47641DDA2A46D64C00318992 /* Weather */,
			);
			path = Extensions;
			sourceTree = "<group>";
		};
		47641DDA2A46D64C00318992 /* Weather */ = {
			isa = PBXGroup;
			children = (
				4779B9FC2A40DF7C0049B9AF /* WeatherParameter.swift */,
				47641DD22A46D58900318992 /* Weather.swift */,
				47641DD42A46D5E600318992 /* Wind.swift */,
				47641DD62A46D61000318992 /* Wave.swift */,
				47641DD82A46D63A00318992 /* Current.swift */,
				4729FBB22A4AD56E0057118D /* Conditions.swift */,
				47641DDD2A46D7C500318992 /* Solar.swift */,
			);
			path = Weather;
			sourceTree = "<group>";
		};
		47641DE52A46F2B900318992 /* Conversions */ = {
			isa = PBXGroup;
			children = (
				47641DE32A46EA6600318992 /* WeatherKit.swift */,
				47641DE62A46F2C700318992 /* StormGlass.swift */,
			);
			path = Conversions;
			sourceTree = "<group>";
		};
		4799D6842A17C20A0090EBF1 = {
			isa = PBXGroup;
			children = (
				4799D68F2A17C20A0090EBF1 /* Route Conditions */,
				47BB75E32A38EF950086ECFD /* Route ConditionsTests */,
				4799D68E2A17C20A0090EBF1 /* Products */,
			);
			sourceTree = "<group>";
		};
		4799D68E2A17C20A0090EBF1 /* Products */ = {
			isa = PBXGroup;
			children = (
				4799D68D2A17C20A0090EBF1 /* Route Conditions.app */,
				47BB75E22A38EF950086ECFD /* Route ConditionsTests.xctest */,
			);
			name = Products;
			sourceTree = "<group>";
		};
		4799D68F2A17C20A0090EBF1 /* Route Conditions */ = {
			isa = PBXGroup;
			children = (
				4799D6902A17C20A0090EBF1 /* App.swift */,
				473E9C3D2A3F0E0B00247F74 /* Model */,
				473E9C372A3F0B9D00247F74 /* View */,
				473E9C382A3F0BAA00247F74 /* Service */,
				473E9C362A3F0B8B00247F74 /* Support */,
				4799D6A32A17C67C0090EBF1 /* Info.plist */,
				4799D6942A17C2120090EBF1 /* Assets.xcassets */,
				4799D6962A17C2120090EBF1 /* Route_Conditions.entitlements */,
				4799D6972A17C2120090EBF1 /* Preview Content */,
			);
			path = "Route Conditions";
			sourceTree = "<group>";
		};
		4799D6972A17C2120090EBF1 /* Preview Content */ = {
			isa = PBXGroup;
			children = (
				4799D6982A17C2120090EBF1 /* Preview Assets.xcassets */,
			);
			path = "Preview Content";
			sourceTree = "<group>";
		};
		47BB75E32A38EF950086ECFD /* Route ConditionsTests */ = {
			isa = PBXGroup;
			children = (
				47BB75E42A38EF950086ECFD /* Route_ConditionsTests.swift */,
			);
			path = "Route ConditionsTests";
			sourceTree = "<group>";
		};
/* End PBXGroup section */

/* Begin PBXNativeTarget section */
		4799D68C2A17C20A0090EBF1 /* Route Conditions */ = {
			isa = PBXNativeTarget;
			buildConfigurationList = 4799D69C2A17C2120090EBF1 /* Build configuration list for PBXNativeTarget "Route Conditions" */;
			buildPhases = (
				4799D6892A17C20A0090EBF1 /* Sources */,
				4799D68A2A17C20A0090EBF1 /* Frameworks */,
				4799D68B2A17C20A0090EBF1 /* Resources */,
			);
			buildRules = (
			);
			dependencies = (
			);
			name = "Route Conditions";
			packageProductDependencies = (
				47641DC52A45C9F700318992 /* StormGlass */,
			);
			productName = "Route Conditions";
			productReference = 4799D68D2A17C20A0090EBF1 /* Route Conditions.app */;
			productType = "com.apple.product-type.application";
		};
		47BB75E12A38EF950086ECFD /* Route ConditionsTests */ = {
			isa = PBXNativeTarget;
			buildConfigurationList = 47BB75EA2A38EF950086ECFD /* Build configuration list for PBXNativeTarget "Route ConditionsTests" */;
			buildPhases = (
				47BB75DE2A38EF950086ECFD /* Sources */,
				47BB75DF2A38EF950086ECFD /* Frameworks */,
				47BB75E02A38EF950086ECFD /* Resources */,
			);
			buildRules = (
			);
			dependencies = (
				47BB75E72A38EF950086ECFD /* PBXTargetDependency */,
			);
			name = "Route ConditionsTests";
			productName = "Route ConditionsTests";
			productReference = 47BB75E22A38EF950086ECFD /* Route ConditionsTests.xctest */;
			productType = "com.apple.product-type.bundle.unit-test";
		};
/* End PBXNativeTarget section */

/* Begin PBXProject section */
		4799D6852A17C20A0090EBF1 /* Project object */ = {
			isa = PBXProject;
			attributes = {
				BuildIndependentTargetsInParallel = 1;
				LastSwiftUpdateCheck = 1500;
				LastUpgradeCheck = 1500;
				TargetAttributes = {
					4799D68C2A17C20A0090EBF1 = {
						CreatedOnToolsVersion = 14.3;
					};
					47BB75E12A38EF950086ECFD = {
						CreatedOnToolsVersion = 15.0;
						TestTargetID = 4799D68C2A17C20A0090EBF1;
					};
				};
			};
			buildConfigurationList = 4799D6882A17C20A0090EBF1 /* Build configuration list for PBXProject "Route Conditions" */;
			compatibilityVersion = "Xcode 14.0";
			developmentRegion = en;
			hasScannedForEncodings = 0;
			knownRegions = (
				en,
				de,
				Base,
			);
			mainGroup = 4799D6842A17C20A0090EBF1;
			packageReferences = (
				47641DC42A45C9F700318992 /* XCRemoteSwiftPackageReference "StormGlass" */,
			);
			productRefGroup = 4799D68E2A17C20A0090EBF1 /* Products */;
			projectDirPath = "";
			projectRoot = "";
			targets = (
				4799D68C2A17C20A0090EBF1 /* Route Conditions */,
				47BB75E12A38EF950086ECFD /* Route ConditionsTests */,
			);
		};
/* End PBXProject section */

/* Begin PBXResourcesBuildPhase section */
		4799D68B2A17C20A0090EBF1 /* Resources */ = {
			isa = PBXResourcesBuildPhase;
			buildActionMask = 2147483647;
			files = (
				4799D6992A17C2120090EBF1 /* Preview Assets.xcassets in Resources */,
				4799D6952A17C2120090EBF1 /* Assets.xcassets in Resources */,
			);
			runOnlyForDeploymentPostprocessing = 0;
		};
		47BB75E02A38EF950086ECFD /* Resources */ = {
			isa = PBXResourcesBuildPhase;
			buildActionMask = 2147483647;
			files = (
			);
			runOnlyForDeploymentPostprocessing = 0;
		};
/* End PBXResourcesBuildPhase section */

/* Begin PBXSourcesBuildPhase section */
		4799D6892A17C20A0090EBF1 /* Sources */ = {
			isa = PBXSourcesBuildPhase;
			buildActionMask = 2147483647;
			files = (
				476FEF022A44594E00B59573 /* VehicleForm.swift in Sources */,
				473E9C352A3EEB7A00247F74 /* Design.swift in Sources */,
				47641DD12A46D4C400318992 /* Waypoint.swift in Sources */,
				47555E5D2A35BC400051568A /* RouteCalculationService.swift in Sources */,
				4799D6A22A17C4D90090EBF1 /* LocationManager.swift in Sources */,
				4729FBB32A4AD56E0057118D /* Conditions.swift in Sources */,
				47641DD52A46D5E600318992 /* Wind.swift in Sources */,
				47555E612A35C0A50051568A /* RouteWeatherService.swift in Sources */,
				473E9C3F2A3F191500247F74 /* WeatherDetailView.swift in Sources */,
				4745334C2A1AC01100AA32D7 /* Extensions.swift in Sources */,
				47641DED2A47594500318992 /* BackgroundPersistenceService.swift in Sources */,
				473E9C3A2A3F0DF500247F74 /* ProtocolExtensions.swift in Sources */,
				47641DCF2A46D48200318992 /* WeatherWaypoint.swift in Sources */,
				476FEF042A446B0600B59573 /* VehicleType.swift in Sources */,
				47641DE22A46D9CE00318992 /* Vehicle.swift in Sources */,
				473E9C3C2A3F0E0100247F74 /* SampleData.swift in Sources */,
				47641DD92A46D63A00318992 /* Current.swift in Sources */,
				47641DD32A46D58900318992 /* Weather.swift in Sources */,
				47641DC82A45CA6B00318992 /* StormGlassService.swift in Sources */,
				47641DE72A46F2C700318992 /* StormGlass.swift in Sources */,
				4729FBB52A4AD6340057118D /* CustomWaypoint.swift in Sources */,
				47EE83EA2A3B9F88001B2CC8 /* RouteView.swift in Sources */,
				47641DDE2A46D7C500318992 /* Solar.swift in Sources */,
				47641DE02A46D95000318992 /* Enums.swift in Sources */,
				4779B9FD2A40DF7C0049B9AF /* WeatherParameter.swift in Sources */,
				4799D6932A17C20A0090EBF1 /* ContentView.swift in Sources */,
				47555E5F2A35BC610051568A /* PersistentModel.swift in Sources */,
				47641DCC2A46D3CE00318992 /* Protocols.swift in Sources */,
				472DA9522A3EDD3F008E16F2 /* WeatherMarker.swift in Sources */,
				47641DE42A46EA6600318992 /* WeatherKit.swift in Sources */,
				4799D6912A17C20A0090EBF1 /* App.swift in Sources */,
				4729FBB12A4AAB470057118D /* MemoryModel.swift in Sources */,
				47641DD72A46D61000318992 /* Wave.swift in Sources */,
				47641DCA2A460A5900318992 /* RouteError.swift in Sources */,
				47555E552A33775F0051568A /* Constants.swift in Sources */,
			);
			runOnlyForDeploymentPostprocessing = 0;
		};
		47BB75DE2A38EF950086ECFD /* Sources */ = {
			isa = PBXSourcesBuildPhase;
			buildActionMask = 2147483647;
			files = (
				47BB75E52A38EF950086ECFD /* Route_ConditionsTests.swift in Sources */,
			);
			runOnlyForDeploymentPostprocessing = 0;
		};
/* End PBXSourcesBuildPhase section */

/* Begin PBXTargetDependency section */
		47BB75E72A38EF950086ECFD /* PBXTargetDependency */ = {
			isa = PBXTargetDependency;
			target = 4799D68C2A17C20A0090EBF1 /* Route Conditions */;
			targetProxy = 47BB75E62A38EF950086ECFD /* PBXContainerItemProxy */;
		};
/* End PBXTargetDependency section */

/* Begin XCBuildConfiguration section */
		4799D69A2A17C2120090EBF1 /* Debug */ = {
			isa = XCBuildConfiguration;
			buildSettings = {
				ALWAYS_SEARCH_USER_PATHS = NO;
				ASSETCATALOG_COMPILER_GENERATE_SWIFT_ASSET_SYMBOL_EXTENSIONS = YES;
				CLANG_ANALYZER_NONNULL = YES;
				CLANG_ANALYZER_NUMBER_OBJECT_CONVERSION = YES_AGGRESSIVE;
				CLANG_CXX_LANGUAGE_STANDARD = "gnu++20";
				CLANG_ENABLE_MODULES = YES;
				CLANG_ENABLE_OBJC_ARC = YES;
				CLANG_ENABLE_OBJC_WEAK = YES;
				CLANG_WARN_BLOCK_CAPTURE_AUTORELEASING = YES;
				CLANG_WARN_BOOL_CONVERSION = YES;
				CLANG_WARN_COMMA = YES;
				CLANG_WARN_CONSTANT_CONVERSION = YES;
				CLANG_WARN_DEPRECATED_OBJC_IMPLEMENTATIONS = YES;
				CLANG_WARN_DIRECT_OBJC_ISA_USAGE = YES_ERROR;
				CLANG_WARN_DOCUMENTATION_COMMENTS = YES;
				CLANG_WARN_EMPTY_BODY = YES;
				CLANG_WARN_ENUM_CONVERSION = YES;
				CLANG_WARN_INFINITE_RECURSION = YES;
				CLANG_WARN_INT_CONVERSION = YES;
				CLANG_WARN_NON_LITERAL_NULL_CONVERSION = YES;
				CLANG_WARN_OBJC_IMPLICIT_RETAIN_SELF = YES;
				CLANG_WARN_OBJC_LITERAL_CONVERSION = YES;
				CLANG_WARN_OBJC_ROOT_CLASS = YES_ERROR;
				CLANG_WARN_QUOTED_INCLUDE_IN_FRAMEWORK_HEADER = YES;
				CLANG_WARN_RANGE_LOOP_ANALYSIS = YES;
				CLANG_WARN_STRICT_PROTOTYPES = YES;
				CLANG_WARN_SUSPICIOUS_MOVE = YES;
				CLANG_WARN_UNGUARDED_AVAILABILITY = YES_AGGRESSIVE;
				CLANG_WARN_UNREACHABLE_CODE = YES;
				CLANG_WARN__DUPLICATE_METHOD_MATCH = YES;
				COPY_PHASE_STRIP = NO;
				DEAD_CODE_STRIPPING = YES;
				DEBUG_INFORMATION_FORMAT = dwarf;
				ENABLE_STRICT_OBJC_MSGSEND = YES;
				ENABLE_TESTABILITY = YES;
				ENABLE_USER_SCRIPT_SANDBOXING = YES;
				GCC_C_LANGUAGE_STANDARD = gnu11;
				GCC_DYNAMIC_NO_PIC = NO;
				GCC_NO_COMMON_BLOCKS = YES;
				GCC_OPTIMIZATION_LEVEL = 0;
				GCC_PREPROCESSOR_DEFINITIONS = (
					"DEBUG=1",
					"$(inherited)",
				);
				GCC_WARN_64_TO_32_BIT_CONVERSION = YES;
				GCC_WARN_ABOUT_RETURN_TYPE = YES_ERROR;
				GCC_WARN_UNDECLARED_SELECTOR = YES;
				GCC_WARN_UNINITIALIZED_AUTOS = YES_AGGRESSIVE;
				GCC_WARN_UNUSED_FUNCTION = YES;
				GCC_WARN_UNUSED_VARIABLE = YES;
				MTL_ENABLE_DEBUG_INFO = INCLUDE_SOURCE;
				MTL_FAST_MATH = YES;
				ONLY_ACTIVE_ARCH = YES;
				SWIFT_ACTIVE_COMPILATION_CONDITIONS = DEBUG;
				SWIFT_OPTIMIZATION_LEVEL = "-Onone";
			};
			name = Debug;
		};
		4799D69B2A17C2120090EBF1 /* Release */ = {
			isa = XCBuildConfiguration;
			buildSettings = {
				ALWAYS_SEARCH_USER_PATHS = NO;
				ASSETCATALOG_COMPILER_GENERATE_SWIFT_ASSET_SYMBOL_EXTENSIONS = YES;
				CLANG_ANALYZER_NONNULL = YES;
				CLANG_ANALYZER_NUMBER_OBJECT_CONVERSION = YES_AGGRESSIVE;
				CLANG_CXX_LANGUAGE_STANDARD = "gnu++20";
				CLANG_ENABLE_MODULES = YES;
				CLANG_ENABLE_OBJC_ARC = YES;
				CLANG_ENABLE_OBJC_WEAK = YES;
				CLANG_WARN_BLOCK_CAPTURE_AUTORELEASING = YES;
				CLANG_WARN_BOOL_CONVERSION = YES;
				CLANG_WARN_COMMA = YES;
				CLANG_WARN_CONSTANT_CONVERSION = YES;
				CLANG_WARN_DEPRECATED_OBJC_IMPLEMENTATIONS = YES;
				CLANG_WARN_DIRECT_OBJC_ISA_USAGE = YES_ERROR;
				CLANG_WARN_DOCUMENTATION_COMMENTS = YES;
				CLANG_WARN_EMPTY_BODY = YES;
				CLANG_WARN_ENUM_CONVERSION = YES;
				CLANG_WARN_INFINITE_RECURSION = YES;
				CLANG_WARN_INT_CONVERSION = YES;
				CLANG_WARN_NON_LITERAL_NULL_CONVERSION = YES;
				CLANG_WARN_OBJC_IMPLICIT_RETAIN_SELF = YES;
				CLANG_WARN_OBJC_LITERAL_CONVERSION = YES;
				CLANG_WARN_OBJC_ROOT_CLASS = YES_ERROR;
				CLANG_WARN_QUOTED_INCLUDE_IN_FRAMEWORK_HEADER = YES;
				CLANG_WARN_RANGE_LOOP_ANALYSIS = YES;
				CLANG_WARN_STRICT_PROTOTYPES = YES;
				CLANG_WARN_SUSPICIOUS_MOVE = YES;
				CLANG_WARN_UNGUARDED_AVAILABILITY = YES_AGGRESSIVE;
				CLANG_WARN_UNREACHABLE_CODE = YES;
				CLANG_WARN__DUPLICATE_METHOD_MATCH = YES;
				COPY_PHASE_STRIP = NO;
				DEAD_CODE_STRIPPING = YES;
				DEBUG_INFORMATION_FORMAT = "dwarf-with-dsym";
				ENABLE_NS_ASSERTIONS = NO;
				ENABLE_STRICT_OBJC_MSGSEND = YES;
				ENABLE_USER_SCRIPT_SANDBOXING = YES;
				GCC_C_LANGUAGE_STANDARD = gnu11;
				GCC_NO_COMMON_BLOCKS = YES;
				GCC_WARN_64_TO_32_BIT_CONVERSION = YES;
				GCC_WARN_ABOUT_RETURN_TYPE = YES_ERROR;
				GCC_WARN_UNDECLARED_SELECTOR = YES;
				GCC_WARN_UNINITIALIZED_AUTOS = YES_AGGRESSIVE;
				GCC_WARN_UNUSED_FUNCTION = YES;
				GCC_WARN_UNUSED_VARIABLE = YES;
				MTL_ENABLE_DEBUG_INFO = NO;
				MTL_FAST_MATH = YES;
				SWIFT_COMPILATION_MODE = wholemodule;
				SWIFT_OPTIMIZATION_LEVEL = "-O";
			};
			name = Release;
		};
		4799D69D2A17C2120090EBF1 /* Debug */ = {
			isa = XCBuildConfiguration;
			buildSettings = {
				ASSETCATALOG_COMPILER_APPICON_NAME = AppIcon;
				ASSETCATALOG_COMPILER_GLOBAL_ACCENT_COLOR_NAME = AccentColor;
				CODE_SIGN_ENTITLEMENTS = "Route Conditions/Route_Conditions.entitlements";
				CODE_SIGN_IDENTITY = "Apple Development";
				CODE_SIGN_STYLE = Automatic;
				CURRENT_PROJECT_VERSION = 1;
				DEAD_CODE_STRIPPING = YES;
				DEVELOPMENT_ASSET_PATHS = "\"Route Conditions/Preview Content\"";
				DEVELOPMENT_TEAM = A66LE5ZVQX;
				ENABLE_HARDENED_RUNTIME = YES;
				ENABLE_PREVIEWS = YES;
				GENERATE_INFOPLIST_FILE = YES;
				INFOPLIST_FILE = Info.plist;
				INFOPLIST_KEY_NSLocationAlwaysAndWhenInUseUsageDescription = "See your current location on the map.";
				INFOPLIST_KEY_NSLocationUsageDescription = "See your current location on the map.";
				INFOPLIST_KEY_NSLocationWhenInUseUsageDescription = "Current Location";
				"INFOPLIST_KEY_UIApplicationSceneManifest_Generation[sdk=iphoneos*]" = YES;
				"INFOPLIST_KEY_UIApplicationSceneManifest_Generation[sdk=iphonesimulator*]" = YES;
				"INFOPLIST_KEY_UIApplicationSupportsIndirectInputEvents[sdk=iphoneos*]" = YES;
				"INFOPLIST_KEY_UIApplicationSupportsIndirectInputEvents[sdk=iphonesimulator*]" = YES;
				"INFOPLIST_KEY_UILaunchScreen_Generation[sdk=iphoneos*]" = YES;
				"INFOPLIST_KEY_UILaunchScreen_Generation[sdk=iphonesimulator*]" = YES;
				"INFOPLIST_KEY_UIStatusBarStyle[sdk=iphoneos*]" = UIStatusBarStyleDefault;
				"INFOPLIST_KEY_UIStatusBarStyle[sdk=iphonesimulator*]" = UIStatusBarStyleDefault;
				INFOPLIST_KEY_UISupportedInterfaceOrientations_iPad = "UIInterfaceOrientationPortrait UIInterfaceOrientationPortraitUpsideDown UIInterfaceOrientationLandscapeLeft UIInterfaceOrientationLandscapeRight";
				INFOPLIST_KEY_UISupportedInterfaceOrientations_iPhone = "UIInterfaceOrientationPortrait UIInterfaceOrientationLandscapeLeft UIInterfaceOrientationLandscapeRight";
				IPHONEOS_DEPLOYMENT_TARGET = 17.0;
				LD_RUNPATH_SEARCH_PATHS = "@executable_path/Frameworks";
				"LD_RUNPATH_SEARCH_PATHS[sdk=macosx*]" = "@executable_path/../Frameworks";
				MACOSX_DEPLOYMENT_TARGET = 14.0;
				MARKETING_VERSION = 1.0;
				PRODUCT_BUNDLE_IDENTIFIER = "com.tassilobouwman.Route-Conditions";
				PRODUCT_NAME = "$(TARGET_NAME)";
				PROVISIONING_PROFILE_SPECIFIER = "";
				SDKROOT = auto;
				SUPPORTED_PLATFORMS = "iphoneos iphonesimulator macosx xros xrsimulator";
				SUPPORTS_MACCATALYST = NO;
				SUPPORTS_MAC_DESIGNED_FOR_IPHONE_IPAD = NO;
				SUPPORTS_XR_DESIGNED_FOR_IPHONE_IPAD = NO;
				SWIFT_EMIT_LOC_STRINGS = YES;
				SWIFT_VERSION = 5.0;
				TARGETED_DEVICE_FAMILY = "1,2";
			};
			name = Debug;
		};
		4799D69E2A17C2120090EBF1 /* Release */ = {
			isa = XCBuildConfiguration;
			buildSettings = {
				ASSETCATALOG_COMPILER_APPICON_NAME = AppIcon;
				ASSETCATALOG_COMPILER_GLOBAL_ACCENT_COLOR_NAME = AccentColor;
				CODE_SIGN_ENTITLEMENTS = "Route Conditions/Route_Conditions.entitlements";
				CODE_SIGN_IDENTITY = "Apple Development";
				CODE_SIGN_STYLE = Automatic;
				CURRENT_PROJECT_VERSION = 1;
				DEAD_CODE_STRIPPING = YES;
				DEVELOPMENT_ASSET_PATHS = "\"Route Conditions/Preview Content\"";
				DEVELOPMENT_TEAM = A66LE5ZVQX;
				ENABLE_HARDENED_RUNTIME = YES;
				ENABLE_PREVIEWS = YES;
				GENERATE_INFOPLIST_FILE = YES;
				INFOPLIST_FILE = Info.plist;
				INFOPLIST_KEY_NSLocationAlwaysAndWhenInUseUsageDescription = "See your current location on the map.";
				INFOPLIST_KEY_NSLocationUsageDescription = "See your current location on the map.";
				INFOPLIST_KEY_NSLocationWhenInUseUsageDescription = "Current Location";
				"INFOPLIST_KEY_UIApplicationSceneManifest_Generation[sdk=iphoneos*]" = YES;
				"INFOPLIST_KEY_UIApplicationSceneManifest_Generation[sdk=iphonesimulator*]" = YES;
				"INFOPLIST_KEY_UIApplicationSupportsIndirectInputEvents[sdk=iphoneos*]" = YES;
				"INFOPLIST_KEY_UIApplicationSupportsIndirectInputEvents[sdk=iphonesimulator*]" = YES;
				"INFOPLIST_KEY_UILaunchScreen_Generation[sdk=iphoneos*]" = YES;
				"INFOPLIST_KEY_UILaunchScreen_Generation[sdk=iphonesimulator*]" = YES;
				"INFOPLIST_KEY_UIStatusBarStyle[sdk=iphoneos*]" = UIStatusBarStyleDefault;
				"INFOPLIST_KEY_UIStatusBarStyle[sdk=iphonesimulator*]" = UIStatusBarStyleDefault;
				INFOPLIST_KEY_UISupportedInterfaceOrientations_iPad = "UIInterfaceOrientationPortrait UIInterfaceOrientationPortraitUpsideDown UIInterfaceOrientationLandscapeLeft UIInterfaceOrientationLandscapeRight";
				INFOPLIST_KEY_UISupportedInterfaceOrientations_iPhone = "UIInterfaceOrientationPortrait UIInterfaceOrientationLandscapeLeft UIInterfaceOrientationLandscapeRight";
				IPHONEOS_DEPLOYMENT_TARGET = 17.0;
				LD_RUNPATH_SEARCH_PATHS = "@executable_path/Frameworks";
				"LD_RUNPATH_SEARCH_PATHS[sdk=macosx*]" = "@executable_path/../Frameworks";
				MACOSX_DEPLOYMENT_TARGET = 14.0;
				MARKETING_VERSION = 1.0;
				PRODUCT_BUNDLE_IDENTIFIER = "com.tassilobouwman.Route-Conditions";
				PRODUCT_NAME = "$(TARGET_NAME)";
				PROVISIONING_PROFILE_SPECIFIER = "";
				SDKROOT = auto;
				SUPPORTED_PLATFORMS = "iphoneos iphonesimulator macosx xros xrsimulator";
				SUPPORTS_MACCATALYST = NO;
				SUPPORTS_MAC_DESIGNED_FOR_IPHONE_IPAD = NO;
				SUPPORTS_XR_DESIGNED_FOR_IPHONE_IPAD = NO;
				SWIFT_EMIT_LOC_STRINGS = YES;
				SWIFT_VERSION = 5.0;
				TARGETED_DEVICE_FAMILY = "1,2";
			};
			name = Release;
		};
		47BB75E82A38EF950086ECFD /* Debug */ = {
			isa = XCBuildConfiguration;
			buildSettings = {
				BUNDLE_LOADER = "$(TEST_HOST)";
				CODE_SIGN_STYLE = Automatic;
				CURRENT_PROJECT_VERSION = 1;
				DEVELOPMENT_TEAM = A66LE5ZVQX;
				GCC_C_LANGUAGE_STANDARD = gnu17;
				GENERATE_INFOPLIST_FILE = YES;
				IPHONEOS_DEPLOYMENT_TARGET = 17.0;
				LOCALIZATION_PREFERS_STRING_CATALOGS = YES;
				MACOSX_DEPLOYMENT_TARGET = 13.3;
				MARKETING_VERSION = 1.0;
				PRODUCT_BUNDLE_IDENTIFIER = "com.tassilobouwman.Route-ConditionsTests";
				PRODUCT_NAME = "$(TARGET_NAME)";
				SDKROOT = auto;
				SUPPORTED_PLATFORMS = "iphoneos iphonesimulator macosx";
				SWIFT_ACTIVE_COMPILATION_CONDITIONS = "DEBUG $(inherited)";
				SWIFT_EMIT_LOC_STRINGS = NO;
				SWIFT_VERSION = 5.0;
				TARGETED_DEVICE_FAMILY = "1,2";
				TEST_HOST = "$(BUILT_PRODUCTS_DIR)/Route Conditions.app/$(BUNDLE_EXECUTABLE_FOLDER_PATH)/Route Conditions";
			};
			name = Debug;
		};
		47BB75E92A38EF950086ECFD /* Release */ = {
			isa = XCBuildConfiguration;
			buildSettings = {
				BUNDLE_LOADER = "$(TEST_HOST)";
				CODE_SIGN_STYLE = Automatic;
				CURRENT_PROJECT_VERSION = 1;
				DEVELOPMENT_TEAM = A66LE5ZVQX;
				GCC_C_LANGUAGE_STANDARD = gnu17;
				GENERATE_INFOPLIST_FILE = YES;
				IPHONEOS_DEPLOYMENT_TARGET = 17.0;
				LOCALIZATION_PREFERS_STRING_CATALOGS = YES;
				MACOSX_DEPLOYMENT_TARGET = 13.3;
				MARKETING_VERSION = 1.0;
				PRODUCT_BUNDLE_IDENTIFIER = "com.tassilobouwman.Route-ConditionsTests";
				PRODUCT_NAME = "$(TARGET_NAME)";
				SDKROOT = auto;
				SUPPORTED_PLATFORMS = "iphoneos iphonesimulator macosx";
				SWIFT_EMIT_LOC_STRINGS = NO;
				SWIFT_VERSION = 5.0;
				TARGETED_DEVICE_FAMILY = "1,2";
				TEST_HOST = "$(BUILT_PRODUCTS_DIR)/Route Conditions.app/$(BUNDLE_EXECUTABLE_FOLDER_PATH)/Route Conditions";
			};
			name = Release;
		};
/* End XCBuildConfiguration section */

/* Begin XCConfigurationList section */
		4799D6882A17C20A0090EBF1 /* Build configuration list for PBXProject "Route Conditions" */ = {
			isa = XCConfigurationList;
			buildConfigurations = (
				4799D69A2A17C2120090EBF1 /* Debug */,
				4799D69B2A17C2120090EBF1 /* Release */,
			);
			defaultConfigurationIsVisible = 0;
			defaultConfigurationName = Release;
		};
		4799D69C2A17C2120090EBF1 /* Build configuration list for PBXNativeTarget "Route Conditions" */ = {
			isa = XCConfigurationList;
			buildConfigurations = (
				4799D69D2A17C2120090EBF1 /* Debug */,
				4799D69E2A17C2120090EBF1 /* Release */,
			);
			defaultConfigurationIsVisible = 0;
			defaultConfigurationName = Release;
		};
		47BB75EA2A38EF950086ECFD /* Build configuration list for PBXNativeTarget "Route ConditionsTests" */ = {
			isa = XCConfigurationList;
			buildConfigurations = (
				47BB75E82A38EF950086ECFD /* Debug */,
				47BB75E92A38EF950086ECFD /* Release */,
			);
			defaultConfigurationIsVisible = 0;
			defaultConfigurationName = Release;
		};
/* End XCConfigurationList section */

/* Begin XCRemoteSwiftPackageReference section */
		47641DC42A45C9F700318992 /* XCRemoteSwiftPackageReference "StormGlass" */ = {
			isa = XCRemoteSwiftPackageReference;
			repositoryURL = "https://github.com/bouwman/StormGlass/";
			requirement = {
				branch = main;
				kind = branch;
			};
		};
/* End XCRemoteSwiftPackageReference section */

/* Begin XCSwiftPackageProductDependency section */
		47641DC52A45C9F700318992 /* StormGlass */ = {
			isa = XCSwiftPackageProductDependency;
			package = 47641DC42A45C9F700318992 /* XCRemoteSwiftPackageReference "StormGlass" */;
			productName = StormGlass;
		};
/* End XCSwiftPackageProductDependency section */
	};
	rootObject = 4799D6852A17C20A0090EBF1 /* Project object */;
}
